
Microsoft Visual Studio Solution File, Format Version 12.00
# Visual Studio Version 16
VisualStudioVersion = 16.0.29920.165
MinimumVisualStudioVersion = 10.0.40219.1
Project("{9A19103F-16F7-4668-BE54-9A1E7A4F7556}") = "SmartChoice.Analysis", "SmartChoice.Analysis\SmartChoice.Analysis.csproj", "{11DAE42B-8DCA-4D7E-A53C-BADF79CEDE7E}"
EndProject
Project("{9A19103F-16F7-4668-BE54-9A1E7A4F7556}") = "SmartChoice.Analysis.ConsoleClient", "SmartChoice.Analysis.ConsoleClient\SmartChoice.Analysis.ConsoleClient.csproj", "{ACC92C41-FC6B-4F1F-93CA-6C99DB973495}"
EndProject
Project("{FAE04EC0-301F-11D3-BF4B-00C04F79EFBC}") = "SmartChoice.Analysis.WebSurvey", "SmartChoice.Analysis.WebSurvey\SmartChoice.Analysis.WebSurvey.csproj", "{E0821CF6-603F-49FA-81F3-9897AB69BBCC}"
EndProject
Global
	GlobalSection(SolutionConfigurationPlatforms) = preSolution
		Debug|Any CPU = Debug|Any CPU
		Release|Any CPU = Release|Any CPU
	EndGlobalSection
	GlobalSection(ProjectConfigurationPlatforms) = postSolution
		{11DAE42B-8DCA-4D7E-A53C-BADF79CEDE7E}.Debug|Any CPU.ActiveCfg = Debug|Any CPU
		{11DAE42B-8DCA-4D7E-A53C-BADF79CEDE7E}.Debug|Any CPU.Build.0 = Debug|Any CPU
		{11DAE42B-8DCA-4D7E-A53C-BADF79CEDE7E}.Release|Any CPU.ActiveCfg = Release|Any CPU
		{11DAE42B-8DCA-4D7E-A53C-BADF79CEDE7E}.Release|Any CPU.Build.0 = Release|Any CPU
		{ACC92C41-FC6B-4F1F-93CA-6C99DB973495}.Debug|Any CPU.ActiveCfg = Debug|Any CPU
		{ACC92C41-FC6B-4F1F-93CA-6C99DB973495}.Debug|Any CPU.Build.0 = Debug|Any CPU
		{ACC92C41-FC6B-4F1F-93CA-6C99DB973495}.Release|Any CPU.ActiveCfg = Release|Any CPU
		{ACC92C41-FC6B-4F1F-93CA-6C99DB973495}.Release|Any CPU.Build.0 = Release|Any CPU
		{E0821CF6-603F-49FA-81F3-9897AB69BBCC}.Debug|Any CPU.ActiveCfg = Debug|Any CPU
		{E0821CF6-603F-49FA-81F3-9897AB69BBCC}.Debug|Any CPU.Build.0 = Debug|Any CPU
		{E0821CF6-603F-49FA-81F3-9897AB69BBCC}.Release|Any CPU.ActiveCfg = Release|Any CPU
		{E0821CF6-603F-49FA-81F3-9897AB69BBCC}.Release|Any CPU.Build.0 = Release|Any CPU
	EndGlobalSection
	GlobalSection(SolutionProperties) = preSolution
		HideSolutionNode = FALSE
	EndGlobalSection
	GlobalSection(ExtensibilityGlobals) = postSolution
		SolutionGuid = {0992C881-CEF8-4213-8F03-8D7DAC283DDC}
	EndGlobalSection
EndGlobal
